
Microsoft Visual Studio Solution File, Format Version 12.00
# Visual Studio Version 16
VisualStudioVersion = 16.0.29728.190
MinimumVisualStudioVersion = 10.0.40219.1
Project("{FAE04EC0-301F-11D3-BF4B-00C04F79EFBC}") = "Jogo-Xadrez", "Jogo-Xadrez\Jogo-Xadrez.csproj", "{7DD6B4FB-6122-4841-A459-A15AB6013700}"
EndProject
Global
	GlobalSection(SolutionConfigurationPlatforms) = preSolution
		Debug|Any CPU = Debug|Any CPU
		Release|Any CPU = Release|Any CPU
	EndGlobalSection
	GlobalSection(ProjectConfigurationPlatforms) = postSolution
		{7DD6B4FB-6122-4841-A459-A15AB6013700}.Debug|Any CPU.ActiveCfg = Debug|Any CPU
		{7DD6B4FB-6122-4841-A459-A15AB6013700}.Debug|Any CPU.Build.0 = Debug|Any CPU
		{7DD6B4FB-6122-4841-A459-A15AB6013700}.Release|Any CPU.ActiveCfg = Release|Any CPU
		{7DD6B4FB-6122-4841-A459-A15AB6013700}.Release|Any CPU.Build.0 = Release|Any CPU
	EndGlobalSection
	GlobalSection(SolutionProperties) = preSolution
		HideSolutionNode = FALSE
	EndGlobalSection
	GlobalSection(ExtensibilityGlobals) = postSolution
		SolutionGuid = {773690C8-DB6B-465F-831C-42EE76CE8576}
	EndGlobalSection
EndGlobal
